
Microsoft Visual Studio Solution File, Format Version 12.00
# Visual Studio Version 17
VisualStudioVersion = 17.9.34701.34
MinimumVisualStudioVersion = 10.0.40219.1
Project("{FAE04EC0-301F-11D3-BF4B-00C04F79EFBC}") = "PeterOS", "PeterOS\PeterOS.csproj", "{C716EDC6-5D0D-4191-BC83-C7172BE748D7}"
EndProject
Global
	GlobalSection(SolutionConfigurationPlatforms) = preSolution
		Debug|Any CPU = Debug|Any CPU
		Release|Any CPU = Release|Any CPU
	EndGlobalSection
	GlobalSection(ProjectConfigurationPlatforms) = postSolution
		{C716EDC6-5D0D-4191-BC83-C7172BE748D7}.Debug|Any CPU.ActiveCfg = Debug|Any CPU
		{C716EDC6-5D0D-4191-BC83-C7172BE748D7}.Debug|Any CPU.Build.0 = Debug|Any CPU
		{C716EDC6-5D0D-4191-BC83-C7172BE748D7}.Release|Any CPU.ActiveCfg = Release|Any CPU
		{C716EDC6-5D0D-4191-BC83-C7172BE748D7}.Release|Any CPU.Build.0 = Release|Any CPU
	EndGlobalSection
	GlobalSection(SolutionProperties) = preSolution
		HideSolutionNode = FALSE
	EndGlobalSection
	GlobalSection(ExtensibilityGlobals) = postSolution
		SolutionGuid = {0E843A0C-8553-471E-BA15-D32E42D6FA91}
	EndGlobalSection
EndGlobal
